
Microsoft Visual Studio Solution File, Format Version 12.00
# Visual Studio Version 17
VisualStudioVersion = 17.5.33530.505
MinimumVisualStudioVersion = 10.0.40219.1
Project("{FAE04EC0-301F-11D3-BF4B-00C04F79EFBC}") = "ChatServiceApi", "API\ChatServiceApi.csproj", "{E08C6E22-9B10-4733-AC11-DB8A0C1C7838}"
EndProject
Project("{FAE04EC0-301F-11D3-BF4B-00C04F79EFBC}") = "dal", "DAL\dal.csproj", "{0B0A97DA-3224-4FE6-9C53-D361FB0435D1}"
EndProject
Project("{FAE04EC0-301F-11D3-BF4B-00C04F79EFBC}") = "logic", "LOGIC\logic.csproj", "{C2F0F8FC-9A43-4624-9351-C36AC5DDD2EE}"
EndProject
Project("{FAE04EC0-301F-11D3-BF4B-00C04F79EFBC}") = "Core", "Core\Core.csproj", "{4B5A64E5-6F0C-4AEE-A7F5-3644F06ABFC8}"
EndProject
Global
	GlobalSection(SolutionConfigurationPlatforms) = preSolution
		Debug|Any CPU = Debug|Any CPU
		Release|Any CPU = Release|Any CPU
	EndGlobalSection
	GlobalSection(ProjectConfigurationPlatforms) = postSolution
		{E08C6E22-9B10-4733-AC11-DB8A0C1C7838}.Debug|Any CPU.ActiveCfg = Debug|Any CPU
		{E08C6E22-9B10-4733-AC11-DB8A0C1C7838}.Debug|Any CPU.Build.0 = Debug|Any CPU
		{E08C6E22-9B10-4733-AC11-DB8A0C1C7838}.Release|Any CPU.ActiveCfg = Release|Any CPU
		{E08C6E22-9B10-4733-AC11-DB8A0C1C7838}.Release|Any CPU.Build.0 = Release|Any CPU
		{0B0A97DA-3224-4FE6-9C53-D361FB0435D1}.Debug|Any CPU.ActiveCfg = Debug|Any CPU
		{0B0A97DA-3224-4FE6-9C53-D361FB0435D1}.Debug|Any CPU.Build.0 = Debug|Any CPU
		{0B0A97DA-3224-4FE6-9C53-D361FB0435D1}.Release|Any CPU.ActiveCfg = Release|Any CPU
		{0B0A97DA-3224-4FE6-9C53-D361FB0435D1}.Release|Any CPU.Build.0 = Release|Any CPU
		{C2F0F8FC-9A43-4624-9351-C36AC5DDD2EE}.Debug|Any CPU.ActiveCfg = Debug|Any CPU
		{C2F0F8FC-9A43-4624-9351-C36AC5DDD2EE}.Debug|Any CPU.Build.0 = Debug|Any CPU
		{C2F0F8FC-9A43-4624-9351-C36AC5DDD2EE}.Release|Any CPU.ActiveCfg = Release|Any CPU
		{C2F0F8FC-9A43-4624-9351-C36AC5DDD2EE}.Release|Any CPU.Build.0 = Release|Any CPU
		{4B5A64E5-6F0C-4AEE-A7F5-3644F06ABFC8}.Debug|Any CPU.ActiveCfg = Debug|Any CPU
		{4B5A64E5-6F0C-4AEE-A7F5-3644F06ABFC8}.Debug|Any CPU.Build.0 = Debug|Any CPU
		{4B5A64E5-6F0C-4AEE-A7F5-3644F06ABFC8}.Release|Any CPU.ActiveCfg = Release|Any CPU
		{4B5A64E5-6F0C-4AEE-A7F5-3644F06ABFC8}.Release|Any CPU.Build.0 = Release|Any CPU
	EndGlobalSection
	GlobalSection(SolutionProperties) = preSolution
		HideSolutionNode = FALSE
	EndGlobalSection
	GlobalSection(ExtensibilityGlobals) = postSolution
		SolutionGuid = {41AB6347-BE7B-4F23-BED4-D5576694065C}
	EndGlobalSection
	GlobalSection(NestedProjects) = preSolution
	EndGlobalSection
EndGlobal
